// !$*UTF8*$!
{
	archiveVersion = 1;
	classes = {
	};
	objectVersion = 50;
	objects = {

/* Begin PBXBuildFile section */
		43283BA620A62E4A008CA2FE /* ConversionViewController.swift in Sources */ = {isa = PBXBuildFile; fileRef = 43283BA520A62E4A008CA2FE /* ConversionViewController.swift */; };
		43B3318420A390C3001D36D9 /* AppDelegate.swift in Sources */ = {isa = PBXBuildFile; fileRef = 43B3318320A390C3001D36D9 /* AppDelegate.swift */; };
		43B3318920A390C3001D36D9 /* Main.storyboard in Resources */ = {isa = PBXBuildFile; fileRef = 43B3318720A390C3001D36D9 /* Main.storyboard */; };
		43B3318B20A390C5001D36D9 /* Assets.xcassets in Resources */ = {isa = PBXBuildFile; fileRef = 43B3318A20A390C5001D36D9 /* Assets.xcassets */; };
		43B3318E20A390C5001D36D9 /* LaunchScreen.storyboard in Resources */ = {isa = PBXBuildFile; fileRef = 43B3318C20A390C5001D36D9 /* LaunchScreen.storyboard */; };
		43B3319920A390C5001D36D9 /* WorldTrotterTests.swift in Sources */ = {isa = PBXBuildFile; fileRef = 43B3319820A390C5001D36D9 /* WorldTrotterTests.swift */; };
		43B331A420A390C6001D36D9 /* WorldTrotterUITests.swift in Sources */ = {isa = PBXBuildFile; fileRef = 43B331A320A390C6001D36D9 /* WorldTrotterUITests.swift */; };
		43FF0A5E20A6761E00AE753A /* MapKit.framework in Frameworks */ = {isa = PBXBuildFile; fileRef = 43FF0A5D20A6761D00AE753A /* MapKit.framework */; };
/* End PBXBuildFile section */

/* Begin PBXContainerItemProxy section */
		43B3319520A390C5001D36D9 /* PBXContainerItemProxy */ = {
			isa = PBXContainerItemProxy;
			containerPortal = 43B3317820A390C3001D36D9 /* Project object */;
			proxyType = 1;
			remoteGlobalIDString = 43B3317F20A390C3001D36D9;
			remoteInfo = WorldTrotter;
		};
		43B331A020A390C6001D36D9 /* PBXContainerItemProxy */ = {
			isa = PBXContainerItemProxy;
			containerPortal = 43B3317820A390C3001D36D9 /* Project object */;
			proxyType = 1;
			remoteGlobalIDString = 43B3317F20A390C3001D36D9;
			remoteInfo = WorldTrotter;
		};
/* End PBXContainerItemProxy section */

/* Begin PBXFileReference section */
		43283BA520A62E4A008CA2FE /* ConversionViewController.swift */ = {isa = PBXFileReference; lastKnownFileType = sourcecode.swift; path = ConversionViewController.swift; sourceTree = "<group>"; };
		43B3318020A390C3001D36D9 /* WorldTrotter.app */ = {isa = PBXFileReference; explicitFileType = wrapper.application; includeInIndex = 0; path = WorldTrotter.app; sourceTree = BUILT_PRODUCTS_DIR; };
		43B3318320A390C3001D36D9 /* AppDelegate.swift */ = {isa = PBXFileReference; lastKnownFileType = sourcecode.swift; path = AppDelegate.swift; sourceTree = "<group>"; };
		43B3318820A390C3001D36D9 /* Base */ = {isa = PBXFileReference; lastKnownFileType = file.storyboard; name = Base; path = Base.lproj/Main.storyboard; sourceTree = "<group>"; };
		43B3318A20A390C5001D36D9 /* Assets.xcassets */ = {isa = PBXFileReference; lastKnownFileType = folder.assetcatalog; path = Assets.xcassets; sourceTree = "<group>"; };
		43B3318D20A390C5001D36D9 /* Base */ = {isa = PBXFileReference; lastKnownFileType = file.storyboard; name = Base; path = Base.lproj/LaunchScreen.storyboard; sourceTree = "<group>"; };
		43B3318F20A390C5001D36D9 /* Info.plist */ = {isa = PBXFileReference; lastKnownFileType = text.plist.xml; path = Info.plist; sourceTree = "<group>"; };
		43B3319420A390C5001D36D9 /* WorldTrotterTests.xctest */ = {isa = PBXFileReference; explicitFileType = wrapper.cfbundle; includeInIndex = 0; path = WorldTrotterTests.xctest; sourceTree = BUILT_PRODUCTS_DIR; };
		43B3319820A390C5001D36D9 /* WorldTrotterTests.swift */ = {isa = PBXFileReference; lastKnownFileType = sourcecode.swift; path = WorldTrotterTests.swift; sourceTree = "<group>"; };
		43B3319A20A390C5001D36D9 /* Info.plist */ = {isa = PBXFileReference; lastKnownFileType = text.plist.xml; path = Info.plist; sourceTree = "<group>"; };
		43B3319F20A390C6001D36D9 /* WorldTrotterUITests.xctest */ = {isa = PBXFileReference; explicitFileType = wrapper.cfbundle; includeInIndex = 0; path = WorldTrotterUITests.xctest; sourceTree = BUILT_PRODUCTS_DIR; };
		43B331A320A390C6001D36D9 /* WorldTrotterUITests.swift */ = {isa = PBXFileReference; lastKnownFileType = sourcecode.swift; path = WorldTrotterUITests.swift; sourceTree = "<group>"; };
		43B331A520A390C6001D36D9 /* Info.plist */ = {isa = PBXFileReference; lastKnownFileType = text.plist.xml; path = Info.plist; sourceTree = "<group>"; };
		43FF0A5D20A6761D00AE753A /* MapKit.framework */ = {isa = PBXFileReference; lastKnownFileType = wrapper.framework; name = MapKit.framework; path = System/Library/Frameworks/MapKit.framework; sourceTree = SDKROOT; };
/* End PBXFileReference section */

/* Begin PBXFrameworksBuildPhase section */
		43B3317D20A390C3001D36D9 /* Frameworks */ = {
			isa = PBXFrameworksBuildPhase;
			buildActionMask = 2147483647;
			files = (
				43FF0A5E20A6761E00AE753A /* MapKit.framework in Frameworks */,
			);
			runOnlyForDeploymentPostprocessing = 0;
		};
		43B3319120A390C5001D36D9 /* Frameworks */ = {
			isa = PBXFrameworksBuildPhase;
			buildActionMask = 2147483647;
			files = (
			);
			runOnlyForDeploymentPostprocessing = 0;
		};
		43B3319C20A390C6001D36D9 /* Frameworks */ = {
			isa = PBXFrameworksBuildPhase;
			buildActionMask = 2147483647;
			files = (
			);
			runOnlyForDeploymentPostprocessing = 0;
		};
/* End PBXFrameworksBuildPhase section */

/* Begin PBXGroup section */
		43B3317720A390C3001D36D9 = {
			isa = PBXGroup;
			children = (
				43B3318220A390C3001D36D9 /* WorldTrotter */,
				43B3319720A390C5001D36D9 /* WorldTrotterTests */,
				43B331A220A390C6001D36D9 /* WorldTrotterUITests */,
				43B3318120A390C3001D36D9 /* Products */,
				43FF0A5C20A6761D00AE753A /* Frameworks */,
			);
			sourceTree = "<group>";
		};
		43B3318120A390C3001D36D9 /* Products */ = {
			isa = PBXGroup;
			children = (
				43B3318020A390C3001D36D9 /* WorldTrotter.app */,
				43B3319420A390C5001D36D9 /* WorldTrotterTests.xctest */,
				43B3319F20A390C6001D36D9 /* WorldTrotterUITests.xctest */,
			);
			name = Products;
			sourceTree = "<group>";
		};
		43B3318220A390C3001D36D9 /* WorldTrotter */ = {
			isa = PBXGroup;
			children = (
				43B3318320A390C3001D36D9 /* AppDelegate.swift */,
				43283BA520A62E4A008CA2FE /* ConversionViewController.swift */,
				43B3318720A390C3001D36D9 /* Main.storyboard */,
				43B3318A20A390C5001D36D9 /* Assets.xcassets */,
				43B3318C20A390C5001D36D9 /* LaunchScreen.storyboard */,
				43B3318F20A390C5001D36D9 /* Info.plist */,
			);
			path = WorldTrotter;
			sourceTree = "<group>";
		};
		43B3319720A390C5001D36D9 /* WorldTrotterTests */ = {
			isa = PBXGroup;
			children = (
				43B3319820A390C5001D36D9 /* WorldTrotterTests.swift */,
				43B3319A20A390C5001D36D9 /* Info.plist */,
			);
			path = WorldTrotterTests;
			sourceTree = "<group>";
		};
		43B331A220A390C6001D36D9 /* WorldTrotterUITests */ = {
			isa = PBXGroup;
			children = (
				43B331A320A390C6001D36D9 /* WorldTrotterUITests.swift */,
				43B331A520A390C6001D36D9 /* Info.plist */,
			);
			path = WorldTrotterUITests;
			sourceTree = "<group>";
		};
		43FF0A5C20A6761D00AE753A /* Frameworks */ = {
			isa = PBXGroup;
			children = (
				43FF0A5D20A6761D00AE753A /* MapKit.framework */,
			);
			name = Frameworks;
			sourceTree = "<group>";
		};
/* End PBXGroup section */

/* Begin PBXNativeTarget section */
		43B3317F20A390C3001D36D9 /* WorldTrotter */ = {
			isa = PBXNativeTarget;
			buildConfigurationList = 43B331A820A390C6001D36D9 /* Build configuration list for PBXNativeTarget "WorldTrotter" */;
			buildPhases = (
				43B3317C20A390C3001D36D9 /* Sources */,
				43B3317D20A390C3001D36D9 /* Frameworks */,
				43B3317E20A390C3001D36D9 /* Resources */,
			);
			buildRules = (
			);
			dependencies = (
			);
			name = WorldTrotter;
			productName = WorldTrotter;
			productReference = 43B3318020A390C3001D36D9 /* WorldTrotter.app */;
			productType = "com.apple.product-type.application";
		};
		43B3319320A390C5001D36D9 /* WorldTrotterTests */ = {
			isa = PBXNativeTarget;
			buildConfigurationList = 43B331AB20A390C6001D36D9 /* Build configuration list for PBXNativeTarget "WorldTrotterTests" */;
			buildPhases = (
				43B3319020A390C5001D36D9 /* Sources */,
				43B3319120A390C5001D36D9 /* Frameworks */,
				43B3319220A390C5001D36D9 /* Resources */,
			);
			buildRules = (
			);
			dependencies = (
				43B3319620A390C5001D36D9 /* PBXTargetDependency */,
			);
			name = WorldTrotterTests;
			productName = WorldTrotterTests;
			productReference = 43B3319420A390C5001D36D9 /* WorldTrotterTests.xctest */;
			productType = "com.apple.product-type.bundle.unit-test";
		};
		43B3319E20A390C6001D36D9 /* WorldTrotterUITests */ = {
			isa = PBXNativeTarget;
			buildConfigurationList = 43B331AE20A390C6001D36D9 /* Build configuration list for PBXNativeTarget "WorldTrotterUITests" */;
			buildPhases = (
				43B3319B20A390C6001D36D9 /* Sources */,
				43B3319C20A390C6001D36D9 /* Frameworks */,
				43B3319D20A390C6001D36D9 /* Resources */,
			);
			buildRules = (
			);
			dependencies = (
				43B331A120A390C6001D36D9 /* PBXTargetDependency */,
			);
			name = WorldTrotterUITests;
			productName = WorldTrotterUITests;
			productReference = 43B3319F20A390C6001D36D9 /* WorldTrotterUITests.xctest */;
			productType = "com.apple.product-type.bundle.ui-testing";
		};
/* End PBXNativeTarget section */

/* Begin PBXProject section */
		43B3317820A390C3001D36D9 /* Project object */ = {
			isa = PBXProject;
			attributes = {
				LastSwiftUpdateCheck = 0930;
				LastUpgradeCheck = 0930;
				ORGANIZATIONNAME = Dirkadin;
				TargetAttributes = {
					43B3317F20A390C3001D36D9 = {
						CreatedOnToolsVersion = 9.3;
					};
					43B3319320A390C5001D36D9 = {
						CreatedOnToolsVersion = 9.3;
						TestTargetID = 43B3317F20A390C3001D36D9;
					};
					43B3319E20A390C6001D36D9 = {
						CreatedOnToolsVersion = 9.3;
						TestTargetID = 43B3317F20A390C3001D36D9;
					};
				};
			};
			buildConfigurationList = 43B3317B20A390C3001D36D9 /* Build configuration list for PBXProject "WorldTrotter" */;
			compatibilityVersion = "Xcode 9.3";
			developmentRegion = en;
			hasScannedForEncodings = 0;
			knownRegions = (
				en,
				Base,
			);
			mainGroup = 43B3317720A390C3001D36D9;
			productRefGroup = 43B3318120A390C3001D36D9 /* Products */;
			projectDirPath = "";
			projectRoot = "";
			targets = (
				43B3317F20A390C3001D36D9 /* WorldTrotter */,
				43B3319320A390C5001D36D9 /* WorldTrotterTests */,
				43B3319E20A390C6001D36D9 /* WorldTrotterUITests */,
			);
		};
/* End PBXProject section */

/* Begin PBXResourcesBuildPhase section */
		43B3317E20A390C3001D36D9 /* Resources */ = {
			isa = PBXResourcesBuildPhase;
			buildActionMask = 2147483647;
			files = (
				43B3318E20A390C5001D36D9 /* LaunchScreen.storyboard in Resources */,
				43B3318B20A390C5001D36D9 /* Assets.xcassets in Resources */,
				43B3318920A390C3001D36D9 /* Main.storyboard in Resources */,
			);
			runOnlyForDeploymentPostprocessing = 0;
		};
		43B3319220A390C5001D36D9 /* Resources */ = {
			isa = PBXResourcesBuildPhase;
			buildActionMask = 2147483647;
			files = (
			);
			runOnlyForDeploymentPostprocessing = 0;
		};
		43B3319D20A390C6001D36D9 /* Resources */ = {
			isa = PBXResourcesBuildPhase;
			buildActionMask = 2147483647;
			files = (
			);
			runOnlyForDeploymentPostprocessing = 0;
		};
/* End PBXResourcesBuildPhase section */

/* Begin PBXSourcesBuildPhase section */
		43B3317C20A390C3001D36D9 /* Sources */ = {
			isa = PBXSourcesBuildPhase;
			buildActionMask = 2147483647;
			files = (
				43283BA620A62E4A008CA2FE /* ConversionViewController.swift in Sources */,
				43B3318420A390C3001D36D9 /* AppDelegate.swift in Sources */,
			);
			runOnlyForDeploymentPostprocessing = 0;
		};
		43B3319020A390C5001D36D9 /* Sources */ = {
			isa = PBXSourcesBuildPhase;
			buildActionMask = 2147483647;
			files = (
				43B3319920A390C5001D36D9 /* WorldTrotterTests.swift in Sources */,
			);
			runOnlyForDeploymentPostprocessing = 0;
		};
		43B3319B20A390C6001D36D9 /* Sources */ = {
			isa = PBXSourcesBuildPhase;
			buildActionMask = 2147483647;
			files = (
				43B331A420A390C6001D36D9 /* WorldTrotterUITests.swift in Sources */,
			);
			runOnlyForDeploymentPostprocessing = 0;
		};
/* End PBXSourcesBuildPhase section */

/* Begin PBXTargetDependency section */
		43B3319620A390C5001D36D9 /* PBXTargetDependency */ = {
			isa = PBXTargetDependency;
			target = 43B3317F20A390C3001D36D9 /* WorldTrotter */;
			targetProxy = 43B3319520A390C5001D36D9 /* PBXContainerItemProxy */;
		};
		43B331A120A390C6001D36D9 /* PBXTargetDependency */ = {
			isa = PBXTargetDependency;
			target = 43B3317F20A390C3001D36D9 /* WorldTrotter */;
			targetProxy = 43B331A020A390C6001D36D9 /* PBXContainerItemProxy */;
		};
/* End PBXTargetDependency section */

/* Begin PBXVariantGroup section */
		43B3318720A390C3001D36D9 /* Main.storyboard */ = {
			isa = PBXVariantGroup;
			children = (
				43B3318820A390C3001D36D9 /* Base */,
			);
			name = Main.storyboard;
			sourceTree = "<group>";
		};
		43B3318C20A390C5001D36D9 /* LaunchScreen.storyboard */ = {
			isa = PBXVariantGroup;
			children = (
				43B3318D20A390C5001D36D9 /* Base */,
			);
			name = LaunchScreen.storyboard;
			sourceTree = "<group>";
		};
/* End PBXVariantGroup section */

/* Begin XCBuildConfiguration section */
		43B331A620A390C6001D36D9 /* Debug */ = {
			isa = XCBuildConfiguration;
			buildSettings = {
				ALWAYS_SEARCH_USER_PATHS = NO;
				CLANG_ANALYZER_NONNULL = YES;
				CLANG_ANALYZER_NUMBER_OBJECT_CONVERSION = YES_AGGRESSIVE;
				CLANG_CXX_LANGUAGE_STANDARD = "gnu++14";
				CLANG_CXX_LIBRARY = "libc++";
				CLANG_ENABLE_MODULES = YES;
				CLANG_ENABLE_OBJC_ARC = YES;
				CLANG_ENABLE_OBJC_WEAK = YES;
				CLANG_WARN_BLOCK_CAPTURE_AUTORELEASING = YES;
				CLANG_WARN_BOOL_CONVERSION = YES;
				CLANG_WARN_COMMA = YES;
				CLANG_WARN_CONSTANT_CONVERSION = YES;
				CLANG_WARN_DEPRECATED_OBJC_IMPLEMENTATIONS = YES;
				CLANG_WARN_DIRECT_OBJC_ISA_USAGE = YES_ERROR;
				CLANG_WARN_DOCUMENTATION_COMMENTS = YES;
				CLANG_WARN_EMPTY_BODY = YES;
				CLANG_WARN_ENUM_CONVERSION = YES;
				CLANG_WARN_INFINITE_RECURSION = YES;
				CLANG_WARN_INT_CONVERSION = YES;
				CLANG_WARN_NON_LITERAL_NULL_CONVERSION = YES;
				CLANG_WARN_OBJC_IMPLICIT_RETAIN_SELF = YES;
				CLANG_WARN_OBJC_LITERAL_CONVERSION = YES;
				CLANG_WARN_OBJC_ROOT_CLASS = YES_ERROR;
				CLANG_WARN_RANGE_LOOP_ANALYSIS = YES;
				CLANG_WARN_STRICT_PROTOTYPES = YES;
				CLANG_WARN_SUSPICIOUS_MOVE = YES;
				CLANG_WARN_UNGUARDED_AVAILABILITY = YES_AGGRESSIVE;
				CLANG_WARN_UNREACHABLE_CODE = YES;
				CLANG_WARN__DUPLICATE_METHOD_MATCH = YES;
				CODE_SIGN_IDENTITY = "iPhone Developer";
				COPY_PHASE_STRIP = NO;
				DEBUG_INFORMATION_FORMAT = dwarf;
				ENABLE_STRICT_OBJC_MSGSEND = YES;
				ENABLE_TESTABILITY = YES;
				GCC_C_LANGUAGE_STANDARD = gnu11;
				GCC_DYNAMIC_NO_PIC = NO;
				GCC_NO_COMMON_BLOCKS = YES;
				GCC_OPTIMIZATION_LEVEL = 0;
				GCC_PREPROCESSOR_DEFINITIONS = (
					"DEBUG=1",
					"$(inherited)",
				);
				GCC_WARN_64_TO_32_BIT_CONVERSION = YES;
				GCC_WARN_ABOUT_RETURN_TYPE = YES_ERROR;
				GCC_WARN_UNDECLARED_SELECTOR = YES;
				GCC_WARN_UNINITIALIZED_AUTOS = YES_AGGRESSIVE;
				GCC_WARN_UNUSED_FUNCTION = YES;
				GCC_WARN_UNUSED_VARIABLE = YES;
				IPHONEOS_DEPLOYMENT_TARGET = 11.3;
				MTL_ENABLE_DEBUG_INFO = YES;
				ONLY_ACTIVE_ARCH = YES;
				SDKROOT = iphoneos;
				SWIFT_ACTIVE_COMPILATION_CONDITIONS = DEBUG;
				SWIFT_OPTIMIZATION_LEVEL = "-Onone";
			};
			name = Debug;
		};
		43B331A720A390C6001D36D9 /* Release */ = {
			isa = XCBuildConfiguration;
			buildSettings = {
				ALWAYS_SEARCH_USER_PATHS = NO;
				CLANG_ANALYZER_NONNULL = YES;
				CLANG_ANALYZER_NUMBER_OBJECT_CONVERSION = YES_AGGRESSIVE;
				CLANG_CXX_LANGUAGE_STANDARD = "gnu++14";
				CLANG_CXX_LIBRARY = "libc++";
				CLANG_ENABLE_MODULES = YES;
				CLANG_ENABLE_OBJC_ARC = YES;
				CLANG_ENABLE_OBJC_WEAK = YES;
				CLANG_WARN_BLOCK_CAPTURE_AUTORELEASING = YES;
				CLANG_WARN_BOOL_CONVERSION = YES;
				CLANG_WARN_COMMA = YES;
				CLANG_WARN_CONSTANT_CONVERSION = YES;
				CLANG_WARN_DEPRECATED_OBJC_IMPLEMENTATIONS = YES;
				CLANG_WARN_DIRECT_OBJC_ISA_USAGE = YES_ERROR;
				CLANG_WARN_DOCUMENTATION_COMMENTS = YES;
				CLANG_WARN_EMPTY_BODY = YES;
				CLANG_WARN_ENUM_CONVERSION = YES;
				CLANG_WARN_INFINITE_RECURSION = YES;
				CLANG_WARN_INT_CONVERSION = YES;
				CLANG_WARN_NON_LITERAL_NULL_CONVERSION = YES;
				CLANG_WARN_OBJC_IMPLICIT_RETAIN_SELF = YES;
				CLANG_WARN_OBJC_LITERAL_CONVERSION = YES;
				CLANG_WARN_OBJC_ROOT_CLASS = YES_ERROR;
				CLANG_WARN_RANGE_LOOP_ANALYSIS = YES;
				CLANG_WARN_STRICT_PROTOTYPES = YES;
				CLANG_WARN_SUSPICIOUS_MOVE = YES;
				CLANG_WARN_UNGUARDED_AVAILABILITY = YES_AGGRESSIVE;
				CLANG_WARN_UNREACHABLE_CODE = YES;
				CLANG_WARN__DUPLICATE_METHOD_MATCH = YES;
				CODE_SIGN_IDENTITY = "iPhone Developer";
				COPY_PHASE_STRIP = NO;
				DEBUG_INFORMATION_FORMAT = "dwarf-with-dsym";
				ENABLE_NS_ASSERTIONS = NO;
				ENABLE_STRICT_OBJC_MSGSEND = YES;
				GCC_C_LANGUAGE_STANDARD = gnu11;
				GCC_NO_COMMON_BLOCKS = YES;
				GCC_WARN_64_TO_32_BIT_CONVERSION = YES;
				GCC_WARN_ABOUT_RETURN_TYPE = YES_ERROR;
				GCC_WARN_UNDECLARED_SELECTOR = YES;
				GCC_WARN_UNINITIALIZED_AUTOS = YES_AGGRESSIVE;
				GCC_WARN_UNUSED_FUNCTION = YES;
				GCC_WARN_UNUSED_VARIABLE = YES;
				IPHONEOS_DEPLOYMENT_TARGET = 11.3;
				MTL_ENABLE_DEBUG_INFO = NO;
				SDKROOT = iphoneos;
				SWIFT_COMPILATION_MODE = wholemodule;
				SWIFT_OPTIMIZATION_LEVEL = "-O";
				VALIDATE_PRODUCT = YES;
			};
			name = Release;
		};
		43B331A920A390C6001D36D9 /* Debug */ = {
			isa = XCBuildConfiguration;
			buildSettings = {
				ASSETCATALOG_COMPILER_APPICON_NAME = AppIcon;
				CODE_SIGN_STYLE = Automatic;
				DEVELOPMENT_TEAM = 8J7HZPMJ4B;
				INFOPLIST_FILE = WorldTrotter/Info.plist;
				LD_RUNPATH_SEARCH_PATHS = (
					"$(inherited)",
					"@executable_path/Frameworks",
				);
				PRODUCT_BUNDLE_IDENTIFIER = com.dirkadin.WorldTrotter;
				PRODUCT_NAME = "$(TARGET_NAME)";
				SWIFT_VERSION = 4.0;
				TARGETED_DEVICE_FAMILY = "1,2";
			};
			name = Debug;
		};
		43B331AA20A390C6001D36D9 /* Release */ = {
			isa = XCBuildConfiguration;
			buildSettings = {
				ASSETCATALOG_COMPILER_APPICON_NAME = AppIcon;
				CODE_SIGN_STYLE = Automatic;
				DEVELOPMENT_TEAM = 8J7HZPMJ4B;
				INFOPLIST_FILE = WorldTrotter/Info.plist;
				LD_RUNPATH_SEARCH_PATHS = (
					"$(inherited)",
					"@executable_path/Frameworks",
				);
				PRODUCT_BUNDLE_IDENTIFIER = com.dirkadin.WorldTrotter;
				PRODUCT_NAME = "$(TARGET_NAME)";
				SWIFT_VERSION = 4.0;
				TARGETED_DEVICE_FAMILY = "1,2";
			};
			name = Release;
		};
		43B331AC20A390C6001D36D9 /* Debug */ = {
			isa = XCBuildConfiguration;
			buildSettings = {
				ALWAYS_EMBED_SWIFT_STANDARD_LIBRARIES = YES;
				BUNDLE_LOADER = "$(TEST_HOST)";
				CODE_SIGN_STYLE = Automatic;
				INFOPLIST_FILE = WorldTrotterTests/Info.plist;
				LD_RUNPATH_SEARCH_PATHS = (
					"$(inherited)",
					"@executable_path/Frameworks",
					"@loader_path/Frameworks",
				);
				PRODUCT_BUNDLE_IDENTIFIER = com.dirkadin.WorldTrotterTests;
				PRODUCT_NAME = "$(TARGET_NAME)";
				SWIFT_VERSION = 4.0;
				TARGETED_DEVICE_FAMILY = "1,2";
				TEST_HOST = "$(BUILT_PRODUCTS_DIR)/WorldTrotter.app/WorldTrotter";
			};
			name = Debug;
		};
		43B331AD20A390C6001D36D9 /* Release */ = {
			isa = XCBuildConfiguration;
			buildSettings = {
				ALWAYS_EMBED_SWIFT_STANDARD_LIBRARIES = YES;
				BUNDLE_LOADER = "$(TEST_HOST)";
				CODE_SIGN_STYLE = Automatic;
				INFOPLIST_FILE = WorldTrotterTests/Info.plist;
				LD_RUNPATH_SEARCH_PATHS = (
					"$(inherited)",
					"@executable_path/Frameworks",
					"@loader_path/Frameworks",
				);
				PRODUCT_BUNDLE_IDENTIFIER = com.dirkadin.WorldTrotterTests;
				PRODUCT_NAME = "$(TARGET_NAME)";
				SWIFT_VERSION = 4.0;
				TARGETED_DEVICE_FAMILY = "1,2";
				TEST_HOST = "$(BUILT_PRODUCTS_DIR)/WorldTrotter.app/WorldTrotter";
			};
			name = Release;
		};
		43B331AF20A390C6001D36D9 /* Debug */ = {
			isa = XCBuildConfiguration;
			buildSettings = {
				ALWAYS_EMBED_SWIFT_STANDARD_LIBRARIES = YES;
				CODE_SIGN_STYLE = Automatic;
				INFOPLIST_FILE = WorldTrotterUITests/Info.plist;
				LD_RUNPATH_SEARCH_PATHS = (
					"$(inherited)",
					"@executable_path/Frameworks",
					"@loader_path/Frameworks",
				);
				PRODUCT_BUNDLE_IDENTIFIER = com.dirkadin.WorldTrotterUITests;
				PRODUCT_NAME = "$(TARGET_NAME)";
				SWIFT_VERSION = 4.0;
				TARGETED_DEVICE_FAMILY = "1,2";
				TEST_TARGET_NAME = WorldTrotter;
			};
			name = Debug;
		};
		43B331B020A390C6001D36D9 /* Release */ = {
			isa = XCBuildConfiguration;
			buildSettings = {
				ALWAYS_EMBED_SWIFT_STANDARD_LIBRARIES = YES;
				CODE_SIGN_STYLE = Automatic;
				INFOPLIST_FILE = WorldTrotterUITests/Info.plist;
				LD_RUNPATH_SEARCH_PATHS = (
					"$(inherited)",
					"@executable_path/Frameworks",
					"@loader_path/Frameworks",
				);
				PRODUCT_BUNDLE_IDENTIFIER = com.dirkadin.WorldTrotterUITests;
				PRODUCT_NAME = "$(TARGET_NAME)";
				SWIFT_VERSION = 4.0;
				TARGETED_DEVICE_FAMILY = "1,2";
				TEST_TARGET_NAME = WorldTrotter;
			};
			name = Release;
		};
/* End XCBuildConfiguration section */

/* Begin XCConfigurationList section */
		43B3317B20A390C3001D36D9 /* Build configuration list for PBXProject "WorldTrotter" */ = {
			isa = XCConfigurationList;
			buildConfigurations = (
				43B331A620A390C6001D36D9 /* Debug */,
				43B331A720A390C6001D36D9 /* Release */,
			);
			defaultConfigurationIsVisible = 0;
			defaultConfigurationName = Release;
		};
		43B331A820A390C6001D36D9 /* Build configuration list for PBXNativeTarget "WorldTrotter" */ = {
			isa = XCConfigurationList;
			buildConfigurations = (
				43B331A920A390C6001D36D9 /* Debug */,
				43B331AA20A390C6001D36D9 /* Release */,
			);
			defaultConfigurationIsVisible = 0;
			defaultConfigurationName = Release;
		};
		43B331AB20A390C6001D36D9 /* Build configuration list for PBXNativeTarget "WorldTrotterTests" */ = {
			isa = XCConfigurationList;
			buildConfigurations = (
				43B331AC20A390C6001D36D9 /* Debug */,
				43B331AD20A390C6001D36D9 /* Release */,
			);
			defaultConfigurationIsVisible = 0;
			defaultConfigurationName = Release;
		};
		43B331AE20A390C6001D36D9 /* Build configuration list for PBXNativeTarget "WorldTrotterUITests" */ = {
			isa = XCConfigurationList;
			buildConfigurations = (
				43B331AF20A390C6001D36D9 /* Debug */,
				43B331B020A390C6001D36D9 /* Release */,
			);
			defaultConfigurationIsVisible = 0;
			defaultConfigurationName = Release;
		};
/* End XCConfigurationList section */
	};
	rootObject = 43B3317820A390C3001D36D9 /* Project object */;
}
